Microsoft Visual Studio Solution File, Format Version 11.00
# Visual Studio 2008

Project("{FBF3B745-9D45-89E0-D63A-5048F3F59D30}") = "LD24", "Assembly-CSharp-firstpass-vs.csproj", "{89B1B120-B156-C2E4-A56E-D22DAC778FCB}"
EndProject
Project("{FBF3B745-9D45-89E0-D63A-5048F3F59D30}") = "LD24", "Assembly-CSharp-vs.csproj", "{7794A1E9-762E-B9E7-94BA-8B3121CE2AA3}"
EndProject
Global
	GlobalSection(SolutionConfigurationPlatforms) = preSolution
		Debug|Any CPU = Debug|Any CPU
		Release|Any CPU = Release|Any CPU
	EndGlobalSection
	GlobalSection(ProjectConfigurationPlatforms) = postSolution
		{89B1B120-B156-C2E4-A56E-D22DAC778FCB}.Debug|Any CPU.ActiveCfg = Debug|Any CPU
		{89B1B120-B156-C2E4-A56E-D22DAC778FCB}.Debug|Any CPU.Build.0 = Debug|Any CPU
		{89B1B120-B156-C2E4-A56E-D22DAC778FCB}.Release|Any CPU.ActiveCfg = Release|Any CPU
		{89B1B120-B156-C2E4-A56E-D22DAC778FCB}.Release|Any CPU.Build.0 = Release|Any CPU
		{7794A1E9-762E-B9E7-94BA-8B3121CE2AA3}.Debug|Any CPU.ActiveCfg = Debug|Any CPU
		{7794A1E9-762E-B9E7-94BA-8B3121CE2AA3}.Debug|Any CPU.Build.0 = Debug|Any CPU
		{7794A1E9-762E-B9E7-94BA-8B3121CE2AA3}.Release|Any CPU.ActiveCfg = Release|Any CPU
		{7794A1E9-762E-B9E7-94BA-8B3121CE2AA3}.Release|Any CPU.Build.0 = Release|Any CPU
	EndGlobalSection
	GlobalSection(SolutionProperties) = preSolution
		HideSolutionNode = FALSE
	EndGlobalSection
																																						GlobalSection(MonoDevelopProperties) = preSolution
		StartupItem = Assembly-CSharp.csproj
		Policies = $0
		$0.TextStylePolicy = $1
		$1.inheritsSet = null
		$1.scope = text/x-csharp
		$0.CSharpFormattingPolicy = $2
		$2.inheritsSet = Mono
		$2.inheritsScope = text/x-csharp
		$2.scope = text/x-csharp
		$0.TextStylePolicy = $3
		$3.FileWidth = 120
		$3.TabWidth = 4
		$3.EolMarker = Unix
		$3.inheritsSet = Mono
		$3.inheritsScope = text/plain
		$3.scope = text/plain
	EndGlobalSection

EndGlobal
